
Microsoft Visual Studio Solution File, Format Version 12.00
# Visual Studio Version 16
VisualStudioVersion = 16.0.31729.503
MinimumVisualStudioVersion = 10.0.40219.1
Project("{FAE04EC0-301F-11D3-BF4B-00C04F79EFBC}") = "WBDDemo", "WBDDemo\WBDDemo.csproj", "{ACFD8589-F45C-49AF-B66F-03FE5D4BDF7F}"
EndProject
Global
	GlobalSection(SolutionConfigurationPlatforms) = preSolution
		Debug|Any CPU = Debug|Any CPU
		Release|Any CPU = Release|Any CPU
	EndGlobalSection
	GlobalSection(ProjectConfigurationPlatforms) = postSolution
		{ACFD8589-F45C-49AF-B66F-03FE5D4BDF7F}.Debug|Any CPU.ActiveCfg = Debug|Any CPU
		{ACFD8589-F45C-49AF-B66F-03FE5D4BDF7F}.Debug|Any CPU.Build.0 = Debug|Any CPU
		{ACFD8589-F45C-49AF-B66F-03FE5D4BDF7F}.Release|Any CPU.ActiveCfg = Release|Any CPU
		{ACFD8589-F45C-49AF-B66F-03FE5D4BDF7F}.Release|Any CPU.Build.0 = Release|Any CPU
	EndGlobalSection
	GlobalSection(SolutionProperties) = preSolution
		HideSolutionNode = FALSE
	EndGlobalSection
	GlobalSection(ExtensibilityGlobals) = postSolution
		SolutionGuid = {5BD305BC-28A0-4D4E-B680-EE5476621A59}
	EndGlobalSection
EndGlobal
